PODS:
  - CalculateCalendarLogic (0.1.6)
  - FSCalendar (2.7.9)
  - Realm (3.7.4):
    - Realm/Headers (= 3.7.4)
  - Realm/Headers (3.7.4)
  - RealmSwift (3.7.4):
    - Realm (= 3.7.4)

DEPENDENCIES:
  - CalculateCalendarLogic
  - FSCalendar
  - RealmSwift

SPEC REPOS:
  https://github.com/cocoapods/specs.git:
    - CalculateCalendarLogic
    - FSCalendar
    - Realm
    - RealmSwift

SPEC CHECKSUMS:
  CalculateCalendarLogic: 81b16c24e2b7273fffb03fc29d0c8d1800fd3c9e
  FSCalendar: a04b09f16f811bc92e82f3cf852a15225233b9d5
  Realm: a469bb59e33f9926102ccaea4349822c53b9117e
  RealmSwift: a45861b21c180f5cf0f122144b9759fa8dde3e9e

PODFILE CHECKSUM: d8c0c2d15c90629d16bac7efe6da35f4130bd6b9

COCOAPODS: 1.5.3
